
Microsoft Visual Studio Solution File, Format Version 12.00
# Visual Studio Version 17
VisualStudioVersion = 17.0.31903.59
MinimumVisualStudioVersion = 10.0.40219.1
Project("{FAE04EC0-301F-11D3-BF4B-00C04F79EFBC}") = "RPlus.SDK.Core", "RPlus.SDK.Core\RPlus.SDK.Core.csproj", "{9F7C3233-6D1E-47B4-8F9E-B3B33EFED14E}"
EndProject
Project("{FAE04EC0-301F-11D3-BF4B-00C04F79EFBC}") = "RPlus.SDK.Contracts", "RPlus.SDK.Contracts\RPlus.SDK.Contracts.csproj", "{B1C7A5A9-449D-4A19-919B-CEE436F95561}"
EndProject
Project("{FAE04EC0-301F-11D3-BF4B-00C04F79EFBC}") = "RPlus.SDK.Infrastructure", "RPlus.SDK.Infrastructure\RPlus.SDK.Infrastructure.csproj", "{BA17EDEE-5189-4AC2-B063-E0F83A99C693}"
EndProject
Project("{FAE04EC0-301F-11D3-BF4B-00C04F79EFBC}") = "RPlus.SDK.Eventing", "RPlus.SDK.Eventing\RPlus.SDK.Eventing.csproj", "{9BBC25FB-5E05-4D00-A5A3-FA3BBD41D432}"
EndProject
Project("{FAE04EC0-301F-11D3-BF4B-00C04F79EFBC}") = "RPlus.SDK.Loyalty", "RPlus.SDK.Loyalty\RPlus.SDK.Loyalty.csproj", "{08A6B382-1370-47CA-8FFA-19FEE3D5644C}"
EndProject
Project("{FAE04EC0-301F-11D3-BF4B-00C04F79EFBC}") = "RPlus.SDK.Wallet", "RPlus.SDK.Wallet\RPlus.SDK.Wallet.csproj", "{6F6D0B05-10AB-44FB-A389-B0F4E0826FD8}"
EndProject
Project("{FAE04EC0-301F-11D3-BF4B-00C04F79EFBC}") = "RPlus.SDK.Auth", "RPlus.SDK.Auth\RPlus.SDK.Auth.csproj", "{F401C3C2-0C2B-4E77-8F7B-70DF5B4DD7A4}"
EndProject
Project("{FAE04EC0-301F-11D3-BF4B-00C04F79EFBC}") = "RPlus.SDK.Audit", "RPlus.SDK.Audit\RPlus.SDK.Audit.csproj", "{84117A04-B31A-4816-B807-64F314BF2A2D}"
EndProject
Project("{FAE04EC0-301F-11D3-BF4B-00C04F79EFBC}") = "RPlus.SDK.Access", "RPlus.SDK.Access\RPlus.SDK.Access.csproj", "{5BF10603-EA89-41DD-A0DD-6B3660148901}"
EndProject
Project("{FAE04EC0-301F-11D3-BF4B-00C04F79EFBC}") = "RPlus.SDK.Organization", "RPlus.SDK.Organization\RPlus.SDK.Organization.csproj", "{E54EA06C-CF10-4F72-8995-6F519972141F}"
EndProject
Project("{FAE04EC0-301F-11D3-BF4B-00C04F79EFBC}") = "RPlus.SDK.Users", "RPlus.SDK.Users\RPlus.SDK.Users.csproj", "{08E81CBA-E1C1-4C44-B3C0-480D790205E0}"
EndProject
Global
	GlobalSection(SolutionConfigurationPlatforms) = preSolution
		Debug|Any CPU = Debug|Any CPU
		Debug|x64 = Debug|x64
		Debug|x86 = Debug|x86
		Release|Any CPU = Release|Any CPU
		Release|x64 = Release|x64
		Release|x86 = Release|x86
	EndGlobalSection
	GlobalSection(ProjectConfigurationPlatforms) = postSolution
		{9F7C3233-6D1E-47B4-8F9E-B3B33EFED14E}.Debug|Any CPU.ActiveCfg = Debug|Any CPU
		{9F7C3233-6D1E-47B4-8F9E-B3B33EFED14E}.Debug|Any CPU.Build.0 = Debug|Any CPU
		{9F7C3233-6D1E-47B4-8F9E-B3B33EFED14E}.Debug|x64.ActiveCfg = Debug|Any CPU
		{9F7C3233-6D1E-47B4-8F9E-B3B33EFED14E}.Debug|x64.Build.0 = Debug|Any CPU
		{9F7C3233-6D1E-47B4-8F9E-B3B33EFED14E}.Debug|x86.ActiveCfg = Debug|Any CPU
		{9F7C3233-6D1E-47B4-8F9E-B3B33EFED14E}.Debug|x86.Build.0 = Debug|Any CPU
		{9F7C3233-6D1E-47B4-8F9E-B3B33EFED14E}.Release|Any CPU.ActiveCfg = Release|Any CPU
		{9F7C3233-6D1E-47B4-8F9E-B3B33EFED14E}.Release|Any CPU.Build.0 = Release|Any CPU
		{9F7C3233-6D1E-47B4-8F9E-B3B33EFED14E}.Release|x64.ActiveCfg = Release|Any CPU
		{9F7C3233-6D1E-47B4-8F9E-B3B33EFED14E}.Release|x64.Build.0 = Release|Any CPU
		{9F7C3233-6D1E-47B4-8F9E-B3B33EFED14E}.Release|x86.ActiveCfg = Release|Any CPU
		{9F7C3233-6D1E-47B4-8F9E-B3B33EFED14E}.Release|x86.Build.0 = Release|Any CPU
		{B1C7A5A9-449D-4A19-919B-CEE436F95561}.Debug|Any CPU.ActiveCfg = Debug|Any CPU
		{B1C7A5A9-449D-4A19-919B-CEE436F95561}.Debug|Any CPU.Build.0 = Debug|Any CPU
		{B1C7A5A9-449D-4A19-919B-CEE436F95561}.Debug|x64.ActiveCfg = Debug|Any CPU
		{B1C7A5A9-449D-4A19-919B-CEE436F95561}.Debug|x64.Build.0 = Debug|Any CPU
		{B1C7A5A9-449D-4A19-919B-CEE436F95561}.Debug|x86.ActiveCfg = Debug|Any CPU
		{B1C7A5A9-449D-4A19-919B-CEE436F95561}.Debug|x86.Build.0 = Debug|Any CPU
		{B1C7A5A9-449D-4A19-919B-CEE436F95561}.Release|Any CPU.ActiveCfg = Release|Any CPU
		{B1C7A5A9-449D-4A19-919B-CEE436F95561}.Release|Any CPU.Build.0 = Release|Any CPU
		{B1C7A5A9-449D-4A19-919B-CEE436F95561}.Release|x64.ActiveCfg = Release|Any CPU
		{B1C7A5A9-449D-4A19-919B-CEE436F95561}.Release|x64.Build.0 = Release|Any CPU
		{B1C7A5A9-449D-4A19-919B-CEE436F95561}.Release|x86.ActiveCfg = Release|Any CPU
		{B1C7A5A9-449D-4A19-919B-CEE436F95561}.Release|x86.Build.0 = Release|Any CPU
		{BA17EDEE-5189-4AC2-B063-E0F83A99C693}.Debug|Any CPU.ActiveCfg = Debug|Any CPU
		{BA17EDEE-5189-4AC2-B063-E0F83A99C693}.Debug|Any CPU.Build.0 = Debug|Any CPU
		{BA17EDEE-5189-4AC2-B063-E0F83A99C693}.Debug|x64.ActiveCfg = Debug|Any CPU
		{BA17EDEE-5189-4AC2-B063-E0F83A99C693}.Debug|x64.Build.0 = Debug|Any CPU
		{BA17EDEE-5189-4AC2-B063-E0F83A99C693}.Debug|x86.ActiveCfg = Debug|Any CPU
		{BA17EDEE-5189-4AC2-B063-E0F83A99C693}.Debug|x86.Build.0 = Debug|Any CPU
		{BA17EDEE-5189-4AC2-B063-E0F83A99C693}.Release|Any CPU.ActiveCfg = Release|Any CPU
		{BA17EDEE-5189-4AC2-B063-E0F83A99C693}.Release|Any CPU.Build.0 = Release|Any CPU
		{BA17EDEE-5189-4AC2-B063-E0F83A99C693}.Release|x64.ActiveCfg = Release|Any CPU
		{BA17EDEE-5189-4AC2-B063-E0F83A99C693}.Release|x64.Build.0 = Release|Any CPU
		{BA17EDEE-5189-4AC2-B063-E0F83A99C693}.Release|x86.ActiveCfg = Release|Any CPU
		{BA17EDEE-5189-4AC2-B063-E0F83A99C693}.Release|x86.Build.0 = Release|Any CPU
		{9BBC25FB-5E05-4D00-A5A3-FA3BBD41D432}.Debug|Any CPU.ActiveCfg = Debug|Any CPU
		{9BBC25FB-5E05-4D00-A5A3-FA3BBD41D432}.Debug|Any CPU.Build.0 = Debug|Any CPU
		{9BBC25FB-5E05-4D00-A5A3-FA3BBD41D432}.Debug|x64.ActiveCfg = Debug|Any CPU
		{9BBC25FB-5E05-4D00-A5A3-FA3BBD41D432}.Debug|x64.Build.0 = Debug|Any CPU
		{9BBC25FB-5E05-4D00-A5A3-FA3BBD41D432}.Debug|x86.ActiveCfg = Debug|Any CPU
		{9BBC25FB-5E05-4D00-A5A3-FA3BBD41D432}.Debug|x86.Build.0 = Debug|Any CPU
		{9BBC25FB-5E05-4D00-A5A3-FA3BBD41D432}.Release|Any CPU.ActiveCfg = Release|Any CPU
		{9BBC25FB-5E05-4D00-A5A3-FA3BBD41D432}.Release|Any CPU.Build.0 = Release|Any CPU
		{9BBC25FB-5E05-4D00-A5A3-FA3BBD41D432}.Release|x64.ActiveCfg = Release|Any CPU
		{9BBC25FB-5E05-4D00-A5A3-FA3BBD41D432}.Release|x64.Build.0 = Release|Any CPU
		{9BBC25FB-5E05-4D00-A5A3-FA3BBD41D432}.Release|x86.ActiveCfg = Release|Any CPU
		{9BBC25FB-5E05-4D00-A5A3-FA3BBD41D432}.Release|x86.Build.0 = Release|Any CPU
		{08A6B382-1370-47CA-8FFA-19FEE3D5644C}.Debug|Any CPU.ActiveCfg = Debug|Any CPU
		{08A6B382-1370-47CA-8FFA-19FEE3D5644C}.Debug|Any CPU.Build.0 = Debug|Any CPU
		{08A6B382-1370-47CA-8FFA-19FEE3D5644C}.Debug|x64.ActiveCfg = Debug|Any CPU
		{08A6B382-1370-47CA-8FFA-19FEE3D5644C}.Debug|x64.Build.0 = Debug|Any CPU
		{08A6B382-1370-47CA-8FFA-19FEE3D5644C}.Debug|x86.ActiveCfg = Debug|Any CPU
		{08A6B382-1370-47CA-8FFA-19FEE3D5644C}.Debug|x86.Build.0 = Debug|Any CPU
		{08A6B382-1370-47CA-8FFA-19FEE3D5644C}.Release|Any CPU.ActiveCfg = Release|Any CPU
		{08A6B382-1370-47CA-8FFA-19FEE3D5644C}.Release|Any CPU.Build.0 = Release|Any CPU
		{08A6B382-1370-47CA-8FFA-19FEE3D5644C}.Release|x64.ActiveCfg = Release|Any CPU
		{08A6B382-1370-47CA-8FFA-19FEE3D5644C}.Release|x64.Build.0 = Release|Any CPU
		{08A6B382-1370-47CA-8FFA-19FEE3D5644C}.Release|x86.ActiveCfg = Release|Any CPU
		{08A6B382-1370-47CA-8FFA-19FEE3D5644C}.Release|x86.Build.0 = Release|Any CPU
		{6F6D0B05-10AB-44FB-A389-B0F4E0826FD8}.Debug|Any CPU.ActiveCfg = Debug|Any CPU
		{6F6D0B05-10AB-44FB-A389-B0F4E0826FD8}.Debug|Any CPU.Build.0 = Debug|Any CPU
		{6F6D0B05-10AB-44FB-A389-B0F4E0826FD8}.Debug|x64.ActiveCfg = Debug|Any CPU
		{6F6D0B05-10AB-44FB-A389-B0F4E0826FD8}.Debug|x64.Build.0 = Debug|Any CPU
		{6F6D0B05-10AB-44FB-A389-B0F4E0826FD8}.Debug|x86.ActiveCfg = Debug|Any CPU
		{6F6D0B05-10AB-44FB-A389-B0F4E0826FD8}.Debug|x86.Build.0 = Debug|Any CPU
		{6F6D0B05-10AB-44FB-A389-B0F4E0826FD8}.Release|Any CPU.ActiveCfg = Release|Any CPU
		{6F6D0B05-10AB-44FB-A389-B0F4E0826FD8}.Release|Any CPU.Build.0 = Release|Any CPU
		{6F6D0B05-10AB-44FB-A389-B0F4E0826FD8}.Release|x64.ActiveCfg = Release|Any CPU
		{6F6D0B05-10AB-44FB-A389-B0F4E0826FD8}.Release|x64.Build.0 = Release|Any CPU
		{6F6D0B05-10AB-44FB-A389-B0F4E0826FD8}.Release|x86.ActiveCfg = Release|Any CPU
		{6F6D0B05-10AB-44FB-A389-B0F4E0826FD8}.Release|x86.Build.0 = Release|Any CPU
		{F401C3C2-0C2B-4E77-8F7B-70DF5B4DD7A4}.Debug|Any CPU.ActiveCfg = Debug|Any CPU
		{F401C3C2-0C2B-4E77-8F7B-70DF5B4DD7A4}.Debug|Any CPU.Build.0 = Debug|Any CPU
		{F401C3C2-0C2B-4E77-8F7B-70DF5B4DD7A4}.Debug|x64.ActiveCfg = Debug|Any CPU
		{F401C3C2-0C2B-4E77-8F7B-70DF5B4DD7A4}.Debug|x64.Build.0 = Debug|Any CPU
		{F401C3C2-0C2B-4E77-8F7B-70DF5B4DD7A4}.Debug|x86.ActiveCfg = Debug|Any CPU
		{F401C3C2-0C2B-4E77-8F7B-70DF5B4DD7A4}.Debug|x86.Build.0 = Debug|Any CPU
		{F401C3C2-0C2B-4E77-8F7B-70DF5B4DD7A4}.Release|Any CPU.ActiveCfg = Release|Any CPU
		{F401C3C2-0C2B-4E77-8F7B-70DF5B4DD7A4}.Release|Any CPU.Build.0 = Release|Any CPU
		{F401C3C2-0C2B-4E77-8F7B-70DF5B4DD7A4}.Release|x64.ActiveCfg = Release|Any CPU
		{F401C3C2-0C2B-4E77-8F7B-70DF5B4DD7A4}.Release|x64.Build.0 = Release|Any CPU
		{F401C3C2-0C2B-4E77-8F7B-70DF5B4DD7A4}.Release|x86.ActiveCfg = Release|Any CPU
		{F401C3C2-0C2B-4E77-8F7B-70DF5B4DD7A4}.Release|x86.Build.0 = Release|Any CPU
		{84117A04-B31A-4816-B807-64F314BF2A2D}.Debug|Any CPU.ActiveCfg = Debug|Any CPU
		{84117A04-B31A-4816-B807-64F314BF2A2D}.Debug|Any CPU.Build.0 = Debug|Any CPU
		{84117A04-B31A-4816-B807-64F314BF2A2D}.Debug|x64.ActiveCfg = Debug|Any CPU
		{84117A04-B31A-4816-B807-64F314BF2A2D}.Debug|x64.Build.0 = Debug|Any CPU
		{84117A04-B31A-4816-B807-64F314BF2A2D}.Debug|x86.ActiveCfg = Debug|Any CPU
		{84117A04-B31A-4816-B807-64F314BF2A2D}.Debug|x86.Build.0 = Debug|Any CPU
		{84117A04-B31A-4816-B807-64F314BF2A2D}.Release|Any CPU.ActiveCfg = Release|Any CPU
		{84117A04-B31A-4816-B807-64F314BF2A2D}.Release|Any CPU.Build.0 = Release|Any CPU
		{84117A04-B31A-4816-B807-64F314BF2A2D}.Release|x64.ActiveCfg = Release|x64
		{84117A04-B31A-4816-B807-64F314BF2A2D}.Release|x64.Build.0 = Release|x64
		{84117A04-B31A-4816-B807-64F314BF2A2D}.Release|x86.ActiveCfg = Release|x86
		{84117A04-B31A-4816-B807-64F314BF2A2D}.Release|x86.Build.0 = Release|x86
		{5BF10603-EA89-41DD-A0DD-6B3660148901}.Debug|Any CPU.ActiveCfg = Debug|Any CPU
		{5BF10603-EA89-41DD-A0DD-6B3660148901}.Debug|Any CPU.Build.0 = Debug|Any CPU
		{5BF10603-EA89-41DD-A0DD-6B3660148901}.Debug|x64.ActiveCfg = Debug|Any CPU
		{5BF10603-EA89-41DD-A0DD-6B3660148901}.Debug|x64.Build.0 = Debug|Any CPU
		{5BF10603-EA89-41DD-A0DD-6B3660148901}.Debug|x86.ActiveCfg = Debug|Any CPU
		{5BF10603-EA89-41DD-A0DD-6B3660148901}.Debug|x86.Build.0 = Debug|Any CPU
		{5BF10603-EA89-41DD-A0DD-6B3660148901}.Release|Any CPU.ActiveCfg = Release|Any CPU
		{5BF10603-EA89-41DD-A0DD-6B3660148901}.Release|Any CPU.Build.0 = Release|Any CPU
		{5BF10603-EA89-41DD-A0DD-6B3660148901}.Release|x64.ActiveCfg = Release|Any CPU
		{5BF10603-EA89-41DD-A0DD-6B3660148901}.Release|x64.Build.0 = Release|Any CPU
		{5BF10603-EA89-41DD-A0DD-6B3660148901}.Release|x86.ActiveCfg = Release|Any CPU
		{5BF10603-EA89-41DD-A0DD-6B3660148901}.Release|x86.Build.0 = Release|Any CPU
		{E54EA06C-CF10-4F72-8995-6F519972141F}.Debug|Any CPU.ActiveCfg = Debug|Any CPU
		{E54EA06C-CF10-4F72-8995-6F519972141F}.Debug|Any CPU.Build.0 = Debug|Any CPU
		{E54EA06C-CF10-4F72-8995-6F519972141F}.Debug|x64.ActiveCfg = Debug|Any CPU
		{E54EA06C-CF10-4F72-8995-6F519972141F}.Debug|x64.Build.0 = Debug|Any CPU
		{E54EA06C-CF10-4F72-8995-6F519972141F}.Debug|x86.ActiveCfg = Debug|Any CPU
		{E54EA06C-CF10-4F72-8995-6F519972141F}.Debug|x86.Build.0 = Debug|Any CPU
		{E54EA06C-CF10-4F72-8995-6F519972141F}.Release|Any CPU.ActiveCfg = Release|Any CPU
		{E54EA06C-CF10-4F72-8995-6F519972141F}.Release|Any CPU.Build.0 = Release|Any CPU
		{E54EA06C-CF10-4F72-8995-6F519972141F}.Release|x64.ActiveCfg = Release|x64
		{E54EA06C-CF10-4F72-8995-6F519972141F}.Release|x64.Build.0 = Release|x64
		{E54EA06C-CF10-4F72-8995-6F519972141F}.Release|x86.ActiveCfg = Release|x86
		{E54EA06C-CF10-4F72-8995-6F519972141F}.Release|x86.Build.0 = Release|x86
		{08E81CBA-E1C1-4C44-B3C0-480D790205E0}.Debug|Any CPU.ActiveCfg = Debug|Any CPU
		{08E81CBA-E1C1-4C44-B3C0-480D790205E0}.Debug|Any CPU.Build.0 = Debug|Any CPU
		{08E81CBA-E1C1-4C44-B3C0-480D790205E0}.Debug|x64.ActiveCfg = Debug|Any CPU
		{08E81CBA-E1C1-4C44-B3C0-480D790205E0}.Debug|x64.Build.0 = Debug|Any CPU
		{08E81CBA-E1C1-4C44-B3C0-480D790205E0}.Debug|x86.ActiveCfg = Debug|Any CPU
		{08E81CBA-E1C1-4C44-B3C0-480D790205E0}.Debug|x86.Build.0 = Debug|Any CPU
		{08E81CBA-E1C1-4C44-B3C0-480D790205E0}.Release|Any CPU.ActiveCfg = Release|Any CPU
		{08E81CBA-E1C1-4C44-B3C0-480D790205E0}.Release|Any CPU.Build.0 = Release|Any CPU
		{08E81CBA-E1C1-4C44-B3C0-480D790205E0}.Release|x64.ActiveCfg = Release|Any CPU
		{08E81CBA-E1C1-4C44-B3C0-480D790205E0}.Release|x64.Build.0 = Release|Any CPU
		{08E81CBA-E1C1-4C44-B3C0-480D790205E0}.Release|x86.ActiveCfg = Release|Any CPU
		{08E81CBA-E1C1-4C44-B3C0-480D790205E0}.Release|x86.Build.0 = Release|Any CPU
	EndGlobalSection
	GlobalSection(SolutionProperties) = preSolution
		HideSolutionNode = FALSE
	EndGlobalSection
EndGlobal
