
Microsoft Visual Studio Solution File, Format Version 11.00
# Visual Studio 2010
Project("{FAE04EC0-301F-11D3-BF4B-00C04F79EFBC}") = "ExecuteService", "RPlus.Users.API.csproj", "{2AD3AC44-87D5-4F97-9C16-EA485C885358}"
EndProject
Global
	GlobalSection(SolutionConfigurationPlatforms) = preSolution
		Debug|Any CPU = Debug|Any CPU
		Release|Any CPU = Release|Any CPU
	EndGlobalSection
	GlobalSection(ProjectConfigurationPlatforms) = postSolution
		{2AD3AC44-87D5-4F97-9C16-EA485C885358}.Debug|Any CPU.ActiveCfg = Debug|Any CPU
		{2AD3AC44-87D5-4F97-9C16-EA485C885358}.Debug|Any CPU.Build.0 = Debug|Any CPU
		{2AD3AC44-87D5-4F97-9C16-EA485C885358}.Release|Any CPU.ActiveCfg = Release|Any CPU
		{2AD3AC44-87D5-4F97-9C16-EA485C885358}.Release|Any CPU.Build.0 = Release|Any CPU
	EndGlobalSection
	GlobalSection(SolutionProperties) = preSolution
		HideSolutionNode = FALSE
	EndGlobalSection
EndGlobal
