
Microsoft Visual Studio Solution File, Format Version 11.00
# Visual Studio 2010
Project("{FAE04EC0-301F-11D3-BF4B-00C04F79EFBC}") = "RPlus.Kernel.Integration.Application", "RPlus.Kernel.Integration.Application.csproj", "{B1ABCBA4-32D9-4820-88FF-02F4D0FA38F0}"
EndProject
Global
	GlobalSection(SolutionConfigurationPlatforms) = preSolution
		Debug|Any CPU = Debug|Any CPU
		Release|Any CPU = Release|Any CPU
	EndGlobalSection
	GlobalSection(ProjectConfigurationPlatforms) = postSolution
		{B1ABCBA4-32D9-4820-88FF-02F4D0FA38F0}.Debug|Any CPU.ActiveCfg = Debug|Any CPU
		{B1ABCBA4-32D9-4820-88FF-02F4D0FA38F0}.Debug|Any CPU.Build.0 = Debug|Any CPU
		{B1ABCBA4-32D9-4820-88FF-02F4D0FA38F0}.Release|Any CPU.ActiveCfg = Release|Any CPU
		{B1ABCBA4-32D9-4820-88FF-02F4D0FA38F0}.Release|Any CPU.Build.0 = Release|Any CPU
	EndGlobalSection
	GlobalSection(SolutionProperties) = preSolution
		HideSolutionNode = FALSE
	EndGlobalSection
EndGlobal
